# This file was autogenerated by Stack.
# You should not edit this file by hand.
# For more information, please see the documentation at:
#   https://docs.haskellstack.org/en/stable/topics/lock_files

packages:
- completed:
    commit: 17cf98f45928f4a1e4a3e301a2911fddad6e4357
    git: https://github.com/fmidue/output-blocks
    name: output-blocks
    pantry-tree:
      sha256: 832bba85f26e638ab0aca5fdb543e91e09684b8e6b42e409e287d3611e43717f
      size: 1052
    subdir: output-blocks
    version: 0.5.0.1
  original:
    commit: 17cf98f45928f4a1e4a3e301a2911fddad6e4357
    git: https://github.com/fmidue/output-blocks
    subdir: output-blocks
- completed:
    hackage: call-alloy-0.6.0.2@sha256:f7ecb0f4b8f7cc804d6d8ace7c323b48e3aa03994a2d09c4b7ee66cc4bf15abd,3850
    pantry-tree:
      sha256: 74917b54ff1105eedcbbb216e47858ee110ed4b0562d854aaae953fde8c805fb
      size: 1736
  original:
    hackage: call-alloy-0.6.0.2
- completed:
    hackage: diagrams-graphviz-1.4.1.1@sha256:e71afa8f89904c2a6a2cb490dba7108c6425779c2174b90bd90dbaf507a9d3dc,1388
    pantry-tree:
      sha256: c7f310199441f885ec6063af6cf316130be4672170b9c258eab488496b55124b
      size: 343
  original:
    hackage: diagrams-graphviz-1.4.1.1@sha256:e71afa8f89904c2a6a2cb490dba7108c6425779c2174b90bd90dbaf507a9d3dc,1388
- completed:
    hackage: latex-svg-image-0.2@sha256:b282a74a96724037ec3d24b664118e51170c8152aff12f363ddb715a38ef053a,1830
    pantry-tree:
      sha256: 8d7831c7f6fe17eedcf2bfce2cb821585cb026aa4d0ba4e5fb878b9e5eee801d
      size: 226
  original:
    hackage: latex-svg-image-0.2
snapshots:
- completed:
    sha256: a81fb3877c4f9031e1325eb3935122e608d80715dc16b586eb11ddbff8671ecd
    size: 640086
    url: https://raw.githubusercontent.com/commercialhaskell/stackage-snapshots/master/lts/21/25.yaml
  original: lts-21.25
